// !$*UTF8*$!
{
	archiveVersion = 1;
	classes = {
	};
	objectVersion = 48;
	objects = {

/* Begin PBXBuildFile section */
		DC8EF86520616444003C485D /* AppDelegate.m in Sources */ = {isa = PBXBuildFile; fileRef = DC8EF86420616444003C485D /* AppDelegate.m */; };
		DC8EF86820616444003C485D /* ViewController.m in Sources */ = {isa = PBXBuildFile; fileRef = DC8EF86720616444003C485D /* ViewController.m */; };
		DC8EF86B20616444003C485D /* Main.storyboard in Resources */ = {isa = PBXBuildFile; fileRef = DC8EF86920616444003C485D /* Main.storyboard */; };
		DC8EF86E20616444003C485D /* Weather.xcdatamodeld in Sources */ = {isa = PBXBuildFile; fileRef = DC8EF86C20616444003C485D /* Weather.xcdatamodeld */; };
		DC8EF87020616444003C485D /* Assets.xcassets in Resources */ = {isa = PBXBuildFile; fileRef = DC8EF86F20616444003C485D /* Assets.xcassets */; };
		DC8EF87320616444003C485D /* LaunchScreen.storyboard in Resources */ = {isa = PBXBuildFile; fileRef = DC8EF87120616444003C485D /* LaunchScreen.storyboard */; };
		DC8EF87620616444003C485D /* main.m in Sources */ = {isa = PBXBuildFile; fileRef = DC8EF87520616444003C485D /* main.m */; };
		DC8EF88020616445003C485D /* WeatherUITests.m in Sources */ = {isa = PBXBuildFile; fileRef = DC8EF87F20616445003C485D /* WeatherUITests.m */; };
/* End PBXBuildFile section */

/* Begin PBXContainerItemProxy section */
		DC8EF87C20616445003C485D /* PBXContainerItemProxy */ = {
			isa = PBXContainerItemProxy;
			containerPortal = DC8EF85820616444003C485D /* Project object */;
			proxyType = 1;
			remoteGlobalIDString = DC8EF85F20616444003C485D;
			remoteInfo = Weather;
		};
/* End PBXContainerItemProxy section */

/* Begin PBXFileReference section */
		DC8EF86020616444003C485D /* Weather.app */ = {isa = PBXFileReference; explicitFileType = wrapper.application; includeInIndex = 0; path = Weather.app; sourceTree = BUILT_PRODUCTS_DIR; };
		DC8EF86320616444003C485D /* AppDelegate.h */ = {isa = PBXFileReference; lastKnownFileType = sourcecode.c.h; path = AppDelegate.h; sourceTree = "<group>"; };
		DC8EF86420616444003C485D /* AppDelegate.m */ = {isa = PBXFileReference; lastKnownFileType = sourcecode.c.objc; path = AppDelegate.m; sourceTree = "<group>"; };
		DC8EF86620616444003C485D /* ViewController.h */ = {isa = PBXFileReference; lastKnownFileType = sourcecode.c.h; path = ViewController.h; sourceTree = "<group>"; };
		DC8EF86720616444003C485D /* ViewController.m */ = {isa = PBXFileReference; lastKnownFileType = sourcecode.c.objc; path = ViewController.m; sourceTree = "<group>"; };
		DC8EF86A20616444003C485D /* Base */ = {isa = PBXFileReference; lastKnownFileType = file.storyboard; name = Base; path = Base.lproj/Main.storyboard; sourceTree = "<group>"; };
		DC8EF86D20616444003C485D /* Weather.xcdatamodel */ = {isa = PBXFileReference; lastKnownFileType = wrapper.xcdatamodel; path = Weather.xcdatamodel; sourceTree = "<group>"; };
		DC8EF86F20616444003C485D /* Assets.xcassets */ = {isa = PBXFileReference; lastKnownFileType = folder.assetcatalog; path = Assets.xcassets; sourceTree = "<group>"; };
		DC8EF87220616444003C485D /* Base */ = {isa = PBXFileReference; lastKnownFileType = file.storyboard; name = Base; path = Base.lproj/LaunchScreen.storyboard; sourceTree = "<group>"; };
		DC8EF87420616444003C485D /* Info.plist */ = {isa = PBXFileReference; lastKnownFileType = text.plist.xml; path = Info.plist; sourceTree = "<group>"; };
		DC8EF87520616444003C485D /* main.m */ = {isa = PBXFileReference; lastKnownFileType = sourcecode.c.objc; path = main.m; sourceTree = "<group>"; };
		DC8EF87B20616445003C485D /* WeatherUITests.xctest */ = {isa = PBXFileReference; explicitFileType = wrapper.cfbundle; includeInIndex = 0; path = WeatherUITests.xctest; sourceTree = BUILT_PRODUCTS_DIR; };
		DC8EF87F20616445003C485D /* WeatherUITests.m */ = {isa = PBXFileReference; lastKnownFileType = sourcecode.c.objc; path = WeatherUITests.m; sourceTree = "<group>"; };
		DC8EF88120616445003C485D /* Info.plist */ = {isa = PBXFileReference; lastKnownFileType = text.plist.xml; path = Info.plist; sourceTree = "<group>"; };
		DC8EF88E20616C4C003C485D /* Weather 1.0.0.xcdatamodel */ = {isa = PBXFileReference; lastKnownFileType = wrapper.xcdatamodel; path = "Weather 1.0.0.xcdatamodel"; sourceTree = "<group>"; };
/* End PBXFileReference section */

/* Begin PBXFrameworksBuildPhase section */
		DC8EF85D20616444003C485D /* Frameworks */ = {
			isa = PBXFrameworksBuildPhase;
			buildActionMask = 2147483647;
			files = (
			);
			runOnlyForDeploymentPostprocessing = 0;
		};
		DC8EF87820616445003C485D /* Frameworks */ = {
			isa = PBXFrameworksBuildPhase;
			buildActionMask = 2147483647;
			files = (
			);
			runOnlyForDeploymentPostprocessing = 0;
		};
/* End PBXFrameworksBuildPhase section */

/* Begin PBXGroup section */
		DC8EF85720616444003C485D = {
			isa = PBXGroup;
			children = (
				DC8EF86220616444003C485D /* Weather */,
				DC8EF87E20616445003C485D /* WeatherUITests */,
				DC8EF86120616444003C485D /* Products */,
			);
			sourceTree = "<group>";
		};
		DC8EF86120616444003C485D /* Products */ = {
			isa = PBXGroup;
			children = (
				DC8EF86020616444003C485D /* Weather.app */,
				DC8EF87B20616445003C485D /* WeatherUITests.xctest */,
			);
			name = Products;
			sourceTree = "<group>";
		};
		DC8EF86220616444003C485D /* Weather */ = {
			isa = PBXGroup;
			children = (
				DC8EF88B206167E0003C485D /* Resources */,
				DC8EF88A2061677E003C485D /* Classes */,
				DC8EF86F20616444003C485D /* Assets.xcassets */,
				DC8EF87120616444003C485D /* LaunchScreen.storyboard */,
				DC8EF87420616444003C485D /* Info.plist */,
				DC8EF87520616444003C485D /* main.m */,
			);
			path = Weather;
			sourceTree = "<group>";
		};
		DC8EF87E20616445003C485D /* WeatherUITests */ = {
			isa = PBXGroup;
			children = (
				DC8EF87F20616445003C485D /* WeatherUITests.m */,
				DC8EF88120616445003C485D /* Info.plist */,
			);
			path = WeatherUITests;
			sourceTree = "<group>";
		};
		DC8EF88A2061677E003C485D /* Classes */ = {
			isa = PBXGroup;
			children = (
				DC8EF88D206168F6003C485D /* ViewControllers */,
				DC8EF88C206168EB003C485D /* DataModel */,
				DC8EF86320616444003C485D /* AppDelegate.h */,
				DC8EF86420616444003C485D /* AppDelegate.m */,
			);
			path = Classes;
			sourceTree = "<group>";
		};
		DC8EF88B206167E0003C485D /* Resources */ = {
			isa = PBXGroup;
			children = (
				DC8EF86920616444003C485D /* Main.storyboard */,
			);
			path = Resources;
			sourceTree = "<group>";
		};
		DC8EF88C206168EB003C485D /* DataModel */ = {
			isa = PBXGroup;
			children = (
				DC8EF86C20616444003C485D /* Weather.xcdatamodeld */,
			);
			path = DataModel;
			sourceTree = "<group>";
		};
		DC8EF88D206168F6003C485D /* ViewControllers */ = {
			isa = PBXGroup;
			children = (
				DC8EF86720616444003C485D /* ViewController.m */,
				DC8EF86620616444003C485D /* ViewController.h */,
			);
			path = ViewControllers;
			sourceTree = "<group>";
		};
/* End PBXGroup section */

/* Begin PBXNativeTarget section */
		DC8EF85F20616444003C485D /* Weather */ = {
			isa = PBXNativeTarget;
			buildConfigurationList = DC8EF88420616445003C485D /* Build configuration list for PBXNativeTarget "Weather" */;
			buildPhases = (
				DC8EF85C20616444003C485D /* Sources */,
				DC8EF85D20616444003C485D /* Frameworks */,
				DC8EF85E20616444003C485D /* Resources */,
			);
			buildRules = (
			);
			dependencies = (
			);
			name = Weather;
			productName = Weather;
			productReference = DC8EF86020616444003C485D /* Weather.app */;
			productType = "com.apple.product-type.application";
		};
		DC8EF87A20616445003C485D /* WeatherUITests */ = {
			isa = PBXNativeTarget;
			buildConfigurationList = DC8EF88720616445003C485D /* Build configuration list for PBXNativeTarget "WeatherUITests" */;
			buildPhases = (
				DC8EF87720616445003C485D /* Sources */,
				DC8EF87820616445003C485D /* Frameworks */,
				DC8EF87920616445003C485D /* Resources */,
			);
			buildRules = (
			);
			dependencies = (
				DC8EF87D20616445003C485D /* PBXTargetDependency */,
			);
			name = WeatherUITests;
			productName = WeatherUITests;
			productReference = DC8EF87B20616445003C485D /* WeatherUITests.xctest */;
			productType = "com.apple.product-type.bundle.ui-testing";
		};
/* End PBXNativeTarget section */

/* Begin PBXProject section */
		DC8EF85820616444003C485D /* Project object */ = {
			isa = PBXProject;
			attributes = {
				LastUpgradeCheck = 0920;
				ORGANIZATIONNAME = "Felix Boquet";
				TargetAttributes = {
					DC8EF85F20616444003C485D = {
						CreatedOnToolsVersion = 9.2;
						ProvisioningStyle = Automatic;
					};
					DC8EF87A20616445003C485D = {
						CreatedOnToolsVersion = 9.2;
						ProvisioningStyle = Automatic;
						TestTargetID = DC8EF85F20616444003C485D;
					};
				};
			};
			buildConfigurationList = DC8EF85B20616444003C485D /* Build configuration list for PBXProject "Weather" */;
			compatibilityVersion = "Xcode 8.0";
			developmentRegion = en;
			hasScannedForEncodings = 0;
			knownRegions = (
				en,
				Base,
			);
			mainGroup = DC8EF85720616444003C485D;
			productRefGroup = DC8EF86120616444003C485D /* Products */;
			projectDirPath = "";
			projectRoot = "";
			targets = (
				DC8EF85F20616444003C485D /* Weather */,
				DC8EF87A20616445003C485D /* WeatherUITests */,
			);
		};
/* End PBXProject section */

/* Begin PBXResourcesBuildPhase section */
		DC8EF85E20616444003C485D /* Resources */ = {
			isa = PBXResourcesBuildPhase;
			buildActionMask = 2147483647;
			files = (
				DC8EF87320616444003C485D /* LaunchScreen.storyboard in Resources */,
				DC8EF87020616444003C485D /* Assets.xcassets in Resources */,
				DC8EF86B20616444003C485D /* Main.storyboard in Resources */,
			);
			runOnlyForDeploymentPostprocessing = 0;
		};
		DC8EF87920616445003C485D /* Resources */ = {
			isa = PBXResourcesBuildPhase;
			buildActionMask = 2147483647;
			files = (
			);
			runOnlyForDeploymentPostprocessing = 0;
		};
/* End PBXResourcesBuildPhase section */

/* Begin PBXSourcesBuildPhase section */
		DC8EF85C20616444003C485D /* Sources */ = {
			isa = PBXSourcesBuildPhase;
			buildActionMask = 2147483647;
			files = (
				DC8EF86E20616444003C485D /* Weather.xcdatamodeld in Sources */,
				DC8EF86820616444003C485D /* ViewController.m in Sources */,
				DC8EF87620616444003C485D /* main.m in Sources */,
				DC8EF86520616444003C485D /* AppDelegate.m in Sources */,
			);
			runOnlyForDeploymentPostprocessing = 0;
		};
		DC8EF87720616445003C485D /* Sources */ = {
			isa = PBXSourcesBuildPhase;
			buildActionMask = 2147483647;
			files = (
				DC8EF88020616445003C485D /* WeatherUITests.m in Sources */,
			);
			runOnlyForDeploymentPostprocessing = 0;
		};
/* End PBXSourcesBuildPhase section */

/* Begin PBXTargetDependency section */
		DC8EF87D20616445003C485D /* PBXTargetDependency */ = {
			isa = PBXTargetDependency;
			target = DC8EF85F20616444003C485D /* Weather */;
			targetProxy = DC8EF87C20616445003C485D /* PBXContainerItemProxy */;
		};
/* End PBXTargetDependency section */

/* Begin PBXVariantGroup section */
		DC8EF86920616444003C485D /* Main.storyboard */ = {
			isa = PBXVariantGroup;
			children = (
				DC8EF86A20616444003C485D /* Base */,
			);
			name = Main.storyboard;
			sourceTree = "<group>";
		};
		DC8EF87120616444003C485D /* LaunchScreen.storyboard */ = {
			isa = PBXVariantGroup;
			children = (
				DC8EF87220616444003C485D /* Base */,
			);
			name = LaunchScreen.storyboard;
			sourceTree = "<group>";
		};
/* End PBXVariantGroup section */

/* Begin XCBuildConfiguration section */
		DC8EF88220616445003C485D /* Debug */ = {
			isa = XCBuildConfiguration;
			buildSettings = {
				ALWAYS_SEARCH_USER_PATHS = NO;
				CLANG_ANALYZER_NONNULL = YES;
				CLANG_ANALYZER_NUMBER_OBJECT_CONVERSION = YES_AGGRESSIVE;
				CLANG_CXX_LANGUAGE_STANDARD = "gnu++14";
				CLANG_CXX_LIBRARY = "libc++";
				CLANG_ENABLE_MODULES = YES;
				CLANG_ENABLE_OBJC_ARC = YES;
				CLANG_WARN_BLOCK_CAPTURE_AUTORELEASING = YES;
				CLANG_WARN_BOOL_CONVERSION = YES;
				CLANG_WARN_COMMA = YES;
				CLANG_WARN_CONSTANT_CONVERSION = YES;
				CLANG_WARN_DIRECT_OBJC_ISA_USAGE = YES_ERROR;
				CLANG_WARN_DOCUMENTATION_COMMENTS = YES;
				CLANG_WARN_EMPTY_BODY = YES;
				CLANG_WARN_ENUM_CONVERSION = YES;
				CLANG_WARN_INFINITE_RECURSION = YES;
				CLANG_WARN_INT_CONVERSION = YES;
				CLANG_WARN_NON_LITERAL_NULL_CONVERSION = YES;
				CLANG_WARN_OBJC_LITERAL_CONVERSION = YES;
				CLANG_WARN_OBJC_ROOT_CLASS = YES_ERROR;
				CLANG_WARN_RANGE_LOOP_ANALYSIS = YES;
				CLANG_WARN_STRICT_PROTOTYPES = YES;
				CLANG_WARN_SUSPICIOUS_MOVE = YES;
				CLANG_WARN_UNGUARDED_AVAILABILITY = YES_AGGRESSIVE;
				CLANG_WARN_UNREACHABLE_CODE = YES;
				CLANG_WARN__DUPLICATE_METHOD_MATCH = YES;
				CODE_SIGN_IDENTITY = "iPhone Developer";
				COPY_PHASE_STRIP = NO;
				DEBUG_INFORMATION_FORMAT = dwarf;
				ENABLE_STRICT_OBJC_MSGSEND = YES;
				ENABLE_TESTABILITY = YES;
				GCC_C_LANGUAGE_STANDARD = gnu11;
				GCC_DYNAMIC_NO_PIC = NO;
				GCC_NO_COMMON_BLOCKS = YES;
				GCC_OPTIMIZATION_LEVEL = 0;
				GCC_PREPROCESSOR_DEFINITIONS = (
					"DEBUG=1",
					"$(inherited)",
				);
				GCC_WARN_64_TO_32_BIT_CONVERSION = YES;
				GCC_WARN_ABOUT_RETURN_TYPE = YES_ERROR;
				GCC_WARN_UNDECLARED_SELECTOR = YES;
				GCC_WARN_UNINITIALIZED_AUTOS = YES_AGGRESSIVE;
				GCC_WARN_UNUSED_FUNCTION = YES;
				GCC_WARN_UNUSED_VARIABLE = YES;
				IPHONEOS_DEPLOYMENT_TARGET = 11.2;
				MTL_ENABLE_DEBUG_INFO = YES;
				ONLY_ACTIVE_ARCH = YES;
				SDKROOT = iphoneos;
			};
			name = Debug;
		};
		DC8EF88320616445003C485D /* Release */ = {
			isa = XCBuildConfiguration;
			buildSettings = {
				ALWAYS_SEARCH_USER_PATHS = NO;
				CLANG_ANALYZER_NONNULL = YES;
				CLANG_ANALYZER_NUMBER_OBJECT_CONVERSION = YES_AGGRESSIVE;
				CLANG_CXX_LANGUAGE_STANDARD = "gnu++14";
				CLANG_CXX_LIBRARY = "libc++";
				CLANG_ENABLE_MODULES = YES;
				CLANG_ENABLE_OBJC_ARC = YES;
				CLANG_WARN_BLOCK_CAPTURE_AUTORELEASING = YES;
				CLANG_WARN_BOOL_CONVERSION = YES;
				CLANG_WARN_COMMA = YES;
				CLANG_WARN_CONSTANT_CONVERSION = YES;
				CLANG_WARN_DIRECT_OBJC_ISA_USAGE = YES_ERROR;
				CLANG_WARN_DOCUMENTATION_COMMENTS = YES;
				CLANG_WARN_EMPTY_BODY = YES;
				CLANG_WARN_ENUM_CONVERSION = YES;
				CLANG_WARN_INFINITE_RECURSION = YES;
				CLANG_WARN_INT_CONVERSION = YES;
				CLANG_WARN_NON_LITERAL_NULL_CONVERSION = YES;
				CLANG_WARN_OBJC_LITERAL_CONVERSION = YES;
				CLANG_WARN_OBJC_ROOT_CLASS = YES_ERROR;
				CLANG_WARN_RANGE_LOOP_ANALYSIS = YES;
				CLANG_WARN_STRICT_PROTOTYPES = YES;
				CLANG_WARN_SUSPICIOUS_MOVE = YES;
				CLANG_WARN_UNGUARDED_AVAILABILITY = YES_AGGRESSIVE;
				CLANG_WARN_UNREACHABLE_CODE = YES;
				CLANG_WARN__DUPLICATE_METHOD_MATCH = YES;
				CODE_SIGN_IDENTITY = "iPhone Developer";
				COPY_PHASE_STRIP = NO;
				DEBUG_INFORMATION_FORMAT = "dwarf-with-dsym";
				ENABLE_NS_ASSERTIONS = NO;
				ENABLE_STRICT_OBJC_MSGSEND = YES;
				GCC_C_LANGUAGE_STANDARD = gnu11;
				GCC_NO_COMMON_BLOCKS = YES;
				GCC_WARN_64_TO_32_BIT_CONVERSION = YES;
				GCC_WARN_ABOUT_RETURN_TYPE = YES_ERROR;
				GCC_WARN_UNDECLARED_SELECTOR = YES;
				GCC_WARN_UNINITIALIZED_AUTOS = YES_AGGRESSIVE;
				GCC_WARN_UNUSED_FUNCTION = YES;
				GCC_WARN_UNUSED_VARIABLE = YES;
				IPHONEOS_DEPLOYMENT_TARGET = 11.2;
				MTL_ENABLE_DEBUG_INFO = NO;
				SDKROOT = iphoneos;
				VALIDATE_PRODUCT = YES;
			};
			name = Release;
		};
		DC8EF88520616445003C485D /* Debug */ = {
			isa = XCBuildConfiguration;
			buildSettings = {
				ASSETCATALOG_COMPILER_APPICON_NAME = AppIcon;
				CODE_SIGN_STYLE = Automatic;
				DEVELOPMENT_TEAM = J5GGBPTXWS;
				INFOPLIST_FILE = Weather/Info.plist;
				LD_RUNPATH_SEARCH_PATHS = "$(inherited) @executable_path/Frameworks";
				PRODUCT_BUNDLE_IDENTIFIER = fboquet.Weather;
				PRODUCT_NAME = "$(TARGET_NAME)";
				TARGETED_DEVICE_FAMILY = "1,2";
			};
			name = Debug;
		};
		DC8EF88620616445003C485D /* Release */ = {
			isa = XCBuildConfiguration;
			buildSettings = {
				ASSETCATALOG_COMPILER_APPICON_NAME = AppIcon;
				CODE_SIGN_STYLE = Automatic;
				DEVELOPMENT_TEAM = J5GGBPTXWS;
				INFOPLIST_FILE = Weather/Info.plist;
				LD_RUNPATH_SEARCH_PATHS = "$(inherited) @executable_path/Frameworks";
				PRODUCT_BUNDLE_IDENTIFIER = fboquet.Weather;
				PRODUCT_NAME = "$(TARGET_NAME)";
				TARGETED_DEVICE_FAMILY = "1,2";
			};
			name = Release;
		};
		DC8EF88820616445003C485D /* Debug */ = {
			isa = XCBuildConfiguration;
			buildSettings = {
				CODE_SIGN_STYLE = Automatic;
				DEVELOPMENT_TEAM = J5GGBPTXWS;
				INFOPLIST_FILE = WeatherUITests/Info.plist;
				LD_RUNPATH_SEARCH_PATHS = "$(inherited) @executable_path/Frameworks @loader_path/Frameworks";
				PRODUCT_BUNDLE_IDENTIFIER = fboquet.WeatherUITests;
				PRODUCT_NAME = "$(TARGET_NAME)";
				TARGETED_DEVICE_FAMILY = "1,2";
				TEST_TARGET_NAME = Weather;
			};
			name = Debug;
		};
		DC8EF88920616445003C485D /* Release */ = {
			isa = XCBuildConfiguration;
			buildSettings = {
				CODE_SIGN_STYLE = Automatic;
				DEVELOPMENT_TEAM = J5GGBPTXWS;
				INFOPLIST_FILE = WeatherUITests/Info.plist;
				LD_RUNPATH_SEARCH_PATHS = "$(inherited) @executable_path/Frameworks @loader_path/Frameworks";
				PRODUCT_BUNDLE_IDENTIFIER = fboquet.WeatherUITests;
				PRODUCT_NAME = "$(TARGET_NAME)";
				TARGETED_DEVICE_FAMILY = "1,2";
				TEST_TARGET_NAME = Weather;
			};
			name = Release;
		};
/* End XCBuildConfiguration section */

/* Begin XCConfigurationList section */
		DC8EF85B20616444003C485D /* Build configuration list for PBXProject "Weather" */ = {
			isa = XCConfigurationList;
			buildConfigurations = (
				DC8EF88220616445003C485D /* Debug */,
				DC8EF88320616445003C485D /* Release */,
			);
			defaultConfigurationIsVisible = 0;
			defaultConfigurationName = Release;
		};
		DC8EF88420616445003C485D /* Build configuration list for PBXNativeTarget "Weather" */ = {
			isa = XCConfigurationList;
			buildConfigurations = (
				DC8EF88520616445003C485D /* Debug */,
				DC8EF88620616445003C485D /* Release */,
			);
			defaultConfigurationIsVisible = 0;
			defaultConfigurationName = Release;
		};
		DC8EF88720616445003C485D /* Build configuration list for PBXNativeTarget "WeatherUITests" */ = {
			isa = XCConfigurationList;
			buildConfigurations = (
				DC8EF88820616445003C485D /* Debug */,
				DC8EF88920616445003C485D /* Release */,
			);
			defaultConfigurationIsVisible = 0;
			defaultConfigurationName = Release;
		};
/* End XCConfigurationList section */

/* Begin XCVersionGroup section */
		DC8EF86C20616444003C485D /* Weather.xcdatamodeld */ = {
			isa = XCVersionGroup;
			children = (
				DC8EF88E20616C4C003C485D /* Weather 1.0.0.xcdatamodel */,
				DC8EF86D20616444003C485D /* Weather.xcdatamodel */,
			);
			currentVersion = DC8EF88E20616C4C003C485D /* Weather 1.0.0.xcdatamodel */;
			path = Weather.xcdatamodeld;
			sourceTree = "<group>";
			versionGroupType = wrapper.xcdatamodel;
		};
/* End XCVersionGroup section */
	};
	rootObject = DC8EF85820616444003C485D /* Project object */;
}
